
Microsoft Visual Studio Solution File, Format Version 12.00
# Visual Studio Version 16
VisualStudioVersion = 16.0.33027.164
MinimumVisualStudioVersion = 10.0.40219.1
Project("{FAE04EC0-301F-11D3-BF4B-00C04F79EFBC}") = "ApiToGuardSystem", "ApiToGuardSystem\ApiToGuardSystem.csproj", "{1A5F70A7-10DE-4E4F-8469-85C2B598C4EE}"
EndProject
Global
	GlobalSection(SolutionConfigurationPlatforms) = preSolution
		Debug|Any CPU = Debug|Any CPU
		Release|Any CPU = Release|Any CPU
	EndGlobalSection
	GlobalSection(ProjectConfigurationPlatforms) = postSolution
		{1A5F70A7-10DE-4E4F-8469-85C2B598C4EE}.Debug|Any CPU.ActiveCfg = Debug|Any CPU
		{1A5F70A7-10DE-4E4F-8469-85C2B598C4EE}.Debug|Any CPU.Build.0 = Debug|Any CPU
		{1A5F70A7-10DE-4E4F-8469-85C2B598C4EE}.Release|Any CPU.ActiveCfg = Release|Any CPU
		{1A5F70A7-10DE-4E4F-8469-85C2B598C4EE}.Release|Any CPU.Build.0 = Release|Any CPU
	EndGlobalSection
	GlobalSection(SolutionProperties) = preSolution
		HideSolutionNode = FALSE
	EndGlobalSection
	GlobalSection(ExtensibilityGlobals) = postSolution
		SolutionGuid = {4155873C-3566-44A4-9D3D-680BE68E009E}
	EndGlobalSection
EndGlobal
